
Microsoft Visual Studio Solution File, Format Version 11.00
# Visual Studio 2010
Project("{FAE04EC0-301F-11D3-BF4B-00C04F79EFBC}") = "Finance", "Finance\Finance.csproj", "{EC917136-1731-482D-B95E-B7F67C55451C}"
EndProject
Global
	GlobalSection(SolutionConfigurationPlatforms) = preSolution
		Debug|Any CPU = Debug|Any CPU
		Release|Any CPU = Release|Any CPU
	EndGlobalSection
	GlobalSection(ProjectConfigurationPlatforms) = postSolution
		{EC917136-1731-482D-B95E-B7F67C55451C}.Debug|Any CPU.ActiveCfg = Debug|Any CPU
		{EC917136-1731-482D-B95E-B7F67C55451C}.Debug|Any CPU.Build.0 = Debug|Any CPU
		{EC917136-1731-482D-B95E-B7F67C55451C}.Release|Any CPU.ActiveCfg = Release|Any CPU
		{EC917136-1731-482D-B95E-B7F67C55451C}.Release|Any CPU.Build.0 = Release|Any CPU
	EndGlobalSection
	GlobalSection(SolutionProperties) = preSolution
		HideSolutionNode = FALSE
	EndGlobalSection
EndGlobal
